# This file is generated by pip-compile --generate-hashes.
# Run: pip-compile --generate-hashes -o requirements-gpu.lock requirements-gpu.in
#
# IMPORTANT: Regenerate this file by running:
#   pip-compile --generate-hashes -o requirements-gpu.lock requirements-gpu.in
# Do NOT edit manually.
#
# Stub — replace with full hashed output from pip-compile before use in production.
torch==2.7.1+cu124 \
    --index-url https://download.pytorch.org/whl/cu124
transformers==5.14.1
peft==0.19.1
trl==1.9.0
bitsandbytes==0.49.2
accelerate==1.14.0
datasets==5.0.0
